{
  "lockfile_version": "1",
  "packages": {
    "github:NixOS/nixpkgs/nixpkgs-unstable": {
      "last_modified": "2026-02-11T21:01:36Z",
      "resolved": "github:NixOS/nixpkgs/2343bbb58f99267223bc2aac4fc9ea301a155a16?lastModified=1770843696"
    },
    "pyright@latest": {
      "last_modified": "2026-01-23T17:20:52Z",
      "resolved": "github:NixOS/nixpkgs/a1bab9e494f5f4939442a57a58d0449a109593fe#pyright",
      "source": "devbox-search",
      "version": "1.1.407",
      "systems": {
        "aarch64-darwin": {
          "outputs": [
            {
              "name": "out",
              "path": "/nix/store/cy14fnhp2a8z3kz1pspbp17zr5zsgl1d-pyright-1.1.407",
              "default": true
            }
          ],
          "store_path": "/nix/store/cy14fnhp2a8z3kz1pspbp17zr5zsgl1d-pyright-1.1.407"
        },
        "aarch64-linux": {
          "outputs": [
            {
              "name": "out",
              "path": "/nix/store/2r04ac9l9cvawaz70ra4jb639nczy6v6-pyright-1.1.407",
              "default": true
            }
          ],
          "store_path": "/nix/store/2r04ac9l9cvawaz70ra4jb639nczy6v6-pyright-1.1.407"
        },
        "x86_64-darwin": {
          "outputs": [
            {
              "name": "out",
              "path": "/nix/store/ic48a0m66b8ban1j4bp1lgqiq4pvd49w-pyright-1.1.407",
              "default": true
            }
          ],
          "store_path": "/nix/store/ic48a0m66b8ban1j4bp1lgqiq4pvd49w-pyright-1.1.407"
        },
        "x86_64-linux": {
          "outputs": [
            {
              "name": "out",
              "path": "/nix/store/h7f5vym2ykpl7ls8icw0wiqgmv9xiwnx-pyright-1.1.407",
              "default": true
            }
          ],
          "store_path": "/nix/store/h7f5vym2ykpl7ls8icw0wiqgmv9xiwnx-pyright-1.1.407"
        }
      }
    },
    "python@3.13": {
      "last_modified": "2025-05-16T20:19:48Z",
      "plugin_version": "0.0.4",
      "resolved": "github:NixOS/nixpkgs/12a55407652e04dcf2309436eb06fef0d3713ef3#python313",
      "source": "devbox-search",
      "version": "3.13.3",
      "systems": {
        "aarch64-darwin": {
          "outputs": [
            {
              "name": "out",
              "path": "/nix/store/1a8xg8l3m67hxinxzzcsak9736qm9vsf-python3-3.13.3",
              "default": true
            }
          ],
          "store_path": "/nix/store/1a8xg8l3m67hxinxzzcsak9736qm9vsf-python3-3.13.3"
        },
        "aarch64-linux": {
          "outputs": [
            {
              "name": "out",
              "path": "/nix/store/yy0xvc2rydhrs0h1v8d7r3sql347xzz5-python3-3.13.3",
              "default": true
            },
            {
              "name": "debug",
              "path": "/nix/store/42bxfqfrh8cwspl7szr0cw8739xv8qlq-python3-3.13.3-debug"
            }
          ],
          "store_path": "/nix/store/yy0xvc2rydhrs0h1v8d7r3sql347xzz5-python3-3.13.3"
        },
        "x86_64-darwin": {
          "outputs": [
            {
              "name": "out",
              "path": "/nix/store/gbrigjhghz9v2p0zf9b2fnvs0g0yx7q4-python3-3.13.3",
              "default": true
            }
          ],
          "store_path": "/nix/store/gbrigjhghz9v2p0zf9b2fnvs0g0yx7q4-python3-3.13.3"
        },
        "x86_64-linux": {
          "outputs": [
            {
              "name": "out",
              "path": "/nix/store/2mab9iiwhcqwk75qwvp3zv0bvbiaq6cs-python3-3.13.3",
              "default": true
            },
            {
              "name": "debug",
              "path": "/nix/store/9z6k8ijl2md0y2n95yprbjj4vxbfsi15-python3-3.13.3-debug"
            }
          ],
          "store_path": "/nix/store/2mab9iiwhcqwk75qwvp3zv0bvbiaq6cs-python3-3.13.3"
        }
      }
    },
    "ruff@latest": {
      "last_modified": "2026-02-06T12:24:04Z",
      "resolved": "github:NixOS/nixpkgs/ae67888ff7ef9dff69b3cf0cc0fbfbcd3a722abe#ruff",
      "source": "devbox-search",
      "version": "0.15.0",
      "systems": {
        "aarch64-darwin": {
          "outputs": [
            {
              "name": "out",
              "path": "/nix/store/9hxb1b34i1hxscnsz62lpyygrk0vnz2x-ruff-0.15.0",
              "default": true
            }
          ],
          "store_path": "/nix/store/9hxb1b34i1hxscnsz62lpyygrk0vnz2x-ruff-0.15.0"
        },
        "aarch64-linux": {
          "outputs": [
            {
              "name": "out",
              "path": "/nix/store/i6bpdgax04775kxrsq7w0rcdx5nys91w-ruff-0.15.0",
              "default": true
            }
          ],
          "store_path": "/nix/store/i6bpdgax04775kxrsq7w0rcdx5nys91w-ruff-0.15.0"
        },
        "x86_64-darwin": {
          "outputs": [
            {
              "name": "out",
              "path": "/nix/store/6dlgjcnlfskjwdpp9xbnwi8gwkga7nq8-ruff-0.15.0",
              "default": true
            }
          ],
          "store_path": "/nix/store/6dlgjcnlfskjwdpp9xbnwi8gwkga7nq8-ruff-0.15.0"
        },
        "x86_64-linux": {
          "outputs": [
            {
              "name": "out",
              "path": "/nix/store/vj1bblwn6zf60ikcsrxk410ha3mg9mrq-ruff-0.15.0",
              "default": true
            }
          ],
          "store_path": "/nix/store/vj1bblwn6zf60ikcsrxk410ha3mg9mrq-ruff-0.15.0"
        }
      }
    },
    "uv@latest": {
      "last_modified": "2026-02-11T12:16:34Z",
      "resolved": "github:NixOS/nixpkgs/8482c7ded03bae7550f3d69884f1e611e3bd19e8#uv",
      "source": "devbox-search",
      "version": "0.10.2",
      "systems": {
        "aarch64-darwin": {
          "outputs": [
            {
              "name": "out",
              "path": "/nix/store/3vhsffs1rr2vn84f41z8vm3lmya12ig3-uv-0.10.2",
              "default": true
            }
          ],
          "store_path": "/nix/store/3vhsffs1rr2vn84f41z8vm3lmya12ig3-uv-0.10.2"
        },
        "aarch64-linux": {
          "outputs": [
            {
              "name": "out",
              "path": "/nix/store/f7nhvja5sbfcgjcfpwd4zmdzl7f5m2h2-uv-0.10.2",
              "default": true
            }
          ],
          "store_path": "/nix/store/f7nhvja5sbfcgjcfpwd4zmdzl7f5m2h2-uv-0.10.2"
        },
        "x86_64-darwin": {
          "outputs": [
            {
              "name": "out",
              "path": "/nix/store/l4skdwvihbzynnihi5l44c38xcw3xaxh-uv-0.10.2",
              "default": true
            }
          ],
          "store_path": "/nix/store/l4skdwvihbzynnihi5l44c38xcw3xaxh-uv-0.10.2"
        },
        "x86_64-linux": {
          "outputs": [
            {
              "name": "out",
              "path": "/nix/store/ksi4jmfapiqnk1lclzlf2hrdj6s1rzjs-uv-0.10.2",
              "default": true
            }
          ],
          "store_path": "/nix/store/ksi4jmfapiqnk1lclzlf2hrdj6s1rzjs-uv-0.10.2"
        }
      }
    }
  }
}
